// !$*UTF8*$!
{
	archiveVersion = 1;
	classes = {
	};
	objectVersion = 55;
	objects = {

/* Begin PBXBuildFile section */
		830D2E2F2A89A68E006D0710 /* PasswordSettingsViewTests.swift in Sources */ = {isa = PBXBuildFile; fileRef = 830D2E2E2A89A68E006D0710 /* PasswordSettingsViewTests.swift */; };
		831288EC2A383FD5009549F0 /* CredentialConfigureFactory.swift in Sources */ = {isa = PBXBuildFile; fileRef = 831288EB2A383FD5009549F0 /* CredentialConfigureFactory.swift */; };
		831288EE2A383FF7009549F0 /* CredentialConfigureCoordinator.swift in Sources */ = {isa = PBXBuildFile; fileRef = 831288ED2A383FF7009549F0 /* CredentialConfigureCoordinator.swift */; };
		831288F02A384014009549F0 /* CredentialConfigureMediatingController.swift in Sources */ = {isa = PBXBuildFile; fileRef = 831288EF2A384014009549F0 /* CredentialConfigureMediatingController.swift */; };
		831288F22A3843D7009549F0 /* CredentialConfigureMediatingController.xib in Resources */ = {isa = PBXBuildFile; fileRef = 831288F12A3843D7009549F0 /* CredentialConfigureMediatingController.xib */; };
		8316D6FC2A49E6F100113E5B /* CredentialConfigureMediatingControllerTests.swift in Sources */ = {isa = PBXBuildFile; fileRef = 8316D6FB2A49E6F100113E5B /* CredentialConfigureMediatingControllerTests.swift */; };
		831E393C2A7E2AFE004EB694 /* PersistentContainer.swift in Sources */ = {isa = PBXBuildFile; fileRef = 831E393B2A7E2AFE004EB694 /* PersistentContainer.swift */; };
		832875822A302467006694FE /* UnlockMediatingController.swift in Sources */ = {isa = PBXBuildFile; fileRef = 832875812A302467006694FE /* UnlockMediatingController.swift */; };
		832875862A30276B006694FE /* UnlockCoordinator.swift in Sources */ = {isa = PBXBuildFile; fileRef = 832875852A30276B006694FE /* UnlockCoordinator.swift */; };
		832875882A302839006694FE /* AccountCredentialsCoordinator.swift in Sources */ = {isa = PBXBuildFile; fileRef = 832875872A302839006694FE /* AccountCredentialsCoordinator.swift */; };
		8328758A2A30285C006694FE /* AccountCredentialsFactory.swift in Sources */ = {isa = PBXBuildFile; fileRef = 832875892A30285C006694FE /* AccountCredentialsFactory.swift */; };
		8328758F2A302900006694FE /* UnlockFactory.swift in Sources */ = {isa = PBXBuildFile; fileRef = 8328758E2A302900006694FE /* UnlockFactory.swift */; };
		832875972A315595006694FE /* AccountCredentialCell.swift in Sources */ = {isa = PBXBuildFile; fileRef = 832875962A315595006694FE /* AccountCredentialCell.swift */; };
		8328759B2A3194F6006694FE /* AccountCredentialsMediatingController.xib in Resources */ = {isa = PBXBuildFile; fileRef = 8328759A2A3194F6006694FE /* AccountCredentialsMediatingController.xib */; };
		8328759F2A319EAC006694FE /* AccountCredentialCell.xib in Resources */ = {isa = PBXBuildFile; fileRef = 8328759E2A319EAC006694FE /* AccountCredentialCell.xib */; };
		832875A22A31A4E8006694FE /* AccountCredentialsManager.swift in Sources */ = {isa = PBXBuildFile; fileRef = 832875A12A31A4E8006694FE /* AccountCredentialsManager.swift */; };
		832AF35F2A67381300E6DE35 /* MainInterface.storyboard in Resources */ = {isa = PBXBuildFile; fileRef = 839C8E4E2A48C3AA00EE1A94 /* MainInterface.storyboard */; };
		832AF3652A67467A00E6DE35 /* BiometricUnlock.swift in Sources */ = {isa = PBXBuildFile; fileRef = 832AF3642A67467A00E6DE35 /* BiometricUnlock.swift */; };
		832DD4872A7F84BF007331BC /* CredentialProviderViewController.swift in Sources */ = {isa = PBXBuildFile; fileRef = 839C8E4C2A48C3AA00EE1A94 /* CredentialProviderViewController.swift */; };
		832F6ECF2AEE31C10086A79C /* CopyToClipboardConfirmationView.xib in Resources */ = {isa = PBXBuildFile; fileRef = 83CAFDD52A3D6BBA00FD87F8 /* CopyToClipboardConfirmationView.xib */; };
		8337E0C12A6B4F6700E9C99A /* TermsAndConditionsMediatingControllerTests.swift in Sources */ = {isa = PBXBuildFile; fileRef = 8337E0C02A6B4F6700E9C99A /* TermsAndConditionsMediatingControllerTests.swift */; };
		83381E572A4402F60070C427 /* UnlockMediatingControllerTests.swift in Sources */ = {isa = PBXBuildFile; fileRef = 83381E552A4402BD0070C427 /* UnlockMediatingControllerTests.swift */; };
		83381E5A2A4408C40070C427 /* TermsAndConditionsMediatingController.xib in Resources */ = {isa = PBXBuildFile; fileRef = 83381E592A4408C40070C427 /* TermsAndConditionsMediatingController.xib */; };
		83381E5C2A4414530070C427 /* TermsAndConditionsMediatingController.swift in Sources */ = {isa = PBXBuildFile; fileRef = 83381E5B2A4414530070C427 /* TermsAndConditionsMediatingController.swift */; };
		83381E5E2A4415810070C427 /* TermsAndConditionsFactory.swift in Sources */ = {isa = PBXBuildFile; fileRef = 83381E5D2A4415810070C427 /* TermsAndConditionsFactory.swift */; };
		8348D7AD2A3EBAFC00D16B0B /* UserData.swift in Sources */ = {isa = PBXBuildFile; fileRef = 8348D7AC2A3EBAFC00D16B0B /* UserData.swift */; };
		8349B68A2A996D0B003886AE /* PadConstraints.swift in Sources */ = {isa = PBXBuildFile; fileRef = 8349B6892A996D0B003886AE /* PadConstraints.swift */; };
		8349B68B2A9AEF08003886AE /* PadConstraints.swift in Sources */ = {isa = PBXBuildFile; fileRef = 8349B6892A996D0B003886AE /* PadConstraints.swift */; };
		8351B6532AAED6A7003DCF43 /* IdentifierTextFieldCell.swift in Sources */ = {isa = PBXBuildFile; fileRef = 8351B6522AAED6A7003DCF43 /* IdentifierTextFieldCell.swift */; };
		8351B6592AAED760003DCF43 /* IdentifierTextFieldCell.xib in Resources */ = {isa = PBXBuildFile; fileRef = 8351B6572AAED760003DCF43 /* IdentifierTextFieldCell.xib */; };
		8351B65A2AAED8DE003DCF43 /* IdentifierTextFieldCell.swift in Sources */ = {isa = PBXBuildFile; fileRef = 8351B6522AAED6A7003DCF43 /* IdentifierTextFieldCell.swift */; };
		8351B65C2AAED8F8003DCF43 /* IdentifierTextFieldCellTests.swift in Sources */ = {isa = PBXBuildFile; fileRef = 8351B65B2AAED8F8003DCF43 /* IdentifierTextFieldCellTests.swift */; };
		8351B65D2AAEDA5F003DCF43 /* IdentifierTextFieldCell.xib in Resources */ = {isa = PBXBuildFile; fileRef = 8351B6572AAED760003DCF43 /* IdentifierTextFieldCell.xib */; };
		8351C87D2A49FFC900E9BFA5 /* SettingsMediatingControllerTests.swift in Sources */ = {isa = PBXBuildFile; fileRef = 8351C87C2A49FFC900E9BFA5 /* SettingsMediatingControllerTests.swift */; };
		8358285A2A4BC492004CAD4B /* UIButton+.swift in Sources */ = {isa = PBXBuildFile; fileRef = 835828592A4BC492004CAD4B /* UIButton+.swift */; };
		835E097F2A51385E00A319F7 /* TermsAndConditions.txt in Resources */ = {isa = PBXBuildFile; fileRef = 835E097E2A51385E00A319F7 /* TermsAndConditions.txt */; };
		835F6EF82A914E1800BC44E7 /* Bool+.swift in Sources */ = {isa = PBXBuildFile; fileRef = 835F6EF72A914E1800BC44E7 /* Bool+.swift */; };
		8360526A2A8822CA003D5BD2 /* PasswordSettingsView.swift in Sources */ = {isa = PBXBuildFile; fileRef = 836052692A8822CA003D5BD2 /* PasswordSettingsView.swift */; };
		8360526B2A8822CA003D5BD2 /* PasswordSettingsView.swift in Sources */ = {isa = PBXBuildFile; fileRef = 836052692A8822CA003D5BD2 /* PasswordSettingsView.swift */; };
		8360526D2A88231E003D5BD2 /* PasswordSettingsView.xib in Resources */ = {isa = PBXBuildFile; fileRef = 8360526C2A88231E003D5BD2 /* PasswordSettingsView.xib */; };
		8360526E2A88231E003D5BD2 /* PasswordSettingsView.xib in Resources */ = {isa = PBXBuildFile; fileRef = 8360526C2A88231E003D5BD2 /* PasswordSettingsView.xib */; };
		836052702A882C7B003D5BD2 /* PasswordSettingsCoordinator.swift in Sources */ = {isa = PBXBuildFile; fileRef = 8360526F2A882C7A003D5BD2 /* PasswordSettingsCoordinator.swift */; };
		836052722A8833DB003D5BD2 /* UIView+.swift in Sources */ = {isa = PBXBuildFile; fileRef = 839D99972A3C3A1100C59AC6 /* UIView+.swift */; };
		836052732A883BBE003D5BD2 /* PasswordSettingsCoordinator.swift in Sources */ = {isa = PBXBuildFile; fileRef = 8360526F2A882C7A003D5BD2 /* PasswordSettingsCoordinator.swift */; };
		836B27772DE53FF000826312 /* PasswordManager.swift in Sources */ = {isa = PBXBuildFile; fileRef = 836B27762DE53FF000826312 /* PasswordManager.swift */; };
		836B27782DE53FF000826312 /* PasswordManager.swift in Sources */ = {isa = PBXBuildFile; fileRef = 836B27762DE53FF000826312 /* PasswordManager.swift */; };
		836B277C2DE5441700826312 /* PasswordManagerTests.swift in Sources */ = {isa = PBXBuildFile; fileRef = 836B27792DE5441700826312 /* PasswordManagerTests.swift */; };
		837312772A415DF000886D86 /* UIViewLoading.swift in Sources */ = {isa = PBXBuildFile; fileRef = 837312762A415DF000886D86 /* UIViewLoading.swift */; };
		83870EB52AB010CE007EF66A /* AutofillSettings.swift in Sources */ = {isa = PBXBuildFile; fileRef = 83870EB42AB010CE007EF66A /* AutofillSettings.swift */; };
		83870EB62AB010CE007EF66A /* AutofillSettings.swift in Sources */ = {isa = PBXBuildFile; fileRef = 83870EB42AB010CE007EF66A /* AutofillSettings.swift */; };
		839C8E4A2A48C3AA00EE1A94 /* AuthenticationServices.framework in Frameworks */ = {isa = PBXBuildFile; fileRef = 839C8E492A48C3AA00EE1A94 /* AuthenticationServices.framework */; };
		839C8E502A48C3AA00EE1A94 /* MainInterface.storyboard in Resources */ = {isa = PBXBuildFile; fileRef = 839C8E4E2A48C3AA00EE1A94 /* MainInterface.storyboard */; };
		839C8E552A48C3AA00EE1A94 /* AutofillCredentialProvider.appex in Embed Foundation Extensions */ = {isa = PBXBuildFile; fileRef = 839C8E472A48C3AA00EE1A94 /* AutofillCredentialProvider.appex */; settings = {ATTRIBUTES = (RemoveHeadersOnCopy, ); }; };
		839D998B2A3AC6C500C59AC6 /* SettingsFactory.swift in Sources */ = {isa = PBXBuildFile; fileRef = 839D998A2A3AC6C500C59AC6 /* SettingsFactory.swift */; };
		839D998D2A3AC6CB00C59AC6 /* SettingsCoordinator.swift in Sources */ = {isa = PBXBuildFile; fileRef = 839D998C2A3AC6CB00C59AC6 /* SettingsCoordinator.swift */; };
		839D998F2A3AC6D600C59AC6 /* SettingsMediatingController.swift in Sources */ = {isa = PBXBuildFile; fileRef = 839D998E2A3AC6D600C59AC6 /* SettingsMediatingController.swift */; };
		839D99912A3AC6E200C59AC6 /* SettingsMediatingController.xib in Resources */ = {isa = PBXBuildFile; fileRef = 839D99902A3AC6E200C59AC6 /* SettingsMediatingController.xib */; };
		839D99932A3BFC3700C59AC6 /* CopyToClipboardConfirmationView.swift in Sources */ = {isa = PBXBuildFile; fileRef = 839D99922A3BFC3700C59AC6 /* CopyToClipboardConfirmationView.swift */; };
		839D99982A3C3A1100C59AC6 /* UIView+.swift in Sources */ = {isa = PBXBuildFile; fileRef = 839D99972A3C3A1100C59AC6 /* UIView+.swift */; };
		83A25DB12A468A9500564588 /* AccountCredentialCellTests.swift in Sources */ = {isa = PBXBuildFile; fileRef = 83A25DB02A468A9500564588 /* AccountCredentialCellTests.swift */; };
		83AD0FCF2A330834008B3C09 /* Encryptor.swift in Sources */ = {isa = PBXBuildFile; fileRef = 83AD0FCE2A330834008B3C09 /* Encryptor.swift */; };
		83AD0FD32A3309A9008B3C09 /* Converter.swift in Sources */ = {isa = PBXBuildFile; fileRef = 83AD0FD22A3309A9008B3C09 /* Converter.swift */; };
		83AD0FD52A340E92008B3C09 /* AccountCredentialsManagerTests.swift in Sources */ = {isa = PBXBuildFile; fileRef = 83AD0FD42A340E92008B3C09 /* AccountCredentialsManagerTests.swift */; };
		83AF24232AC005F00012DE54 /* SecurityScreenController.xib in Resources */ = {isa = PBXBuildFile; fileRef = 83AF24222AC005F00012DE54 /* SecurityScreenController.xib */; };
		83AF24252AC005F70012DE54 /* SecurityScreenController.swift in Sources */ = {isa = PBXBuildFile; fileRef = 83AF24242AC005F70012DE54 /* SecurityScreenController.swift */; };
		83B4148A2A8DE628005CFAEB /* KeychainService.swift in Sources */ = {isa = PBXBuildFile; fileRef = 83B414892A8DE628005CFAEB /* KeychainService.swift */; };
		83B4148B2A8DE628005CFAEB /* KeychainService.swift in Sources */ = {isa = PBXBuildFile; fileRef = 83B414892A8DE628005CFAEB /* KeychainService.swift */; };
		83B53D032B5C69250071AF52 /* UIColor+.swift in Sources */ = {isa = PBXBuildFile; fileRef = 83B53D022B5C69250071AF52 /* UIColor+.swift */; };
		83B53D042B5C69250071AF52 /* UIColor+.swift in Sources */ = {isa = PBXBuildFile; fileRef = 83B53D022B5C69250071AF52 /* UIColor+.swift */; };
		83B7877D2A4F9AF0005E4546 /* CustomAlert.swift in Sources */ = {isa = PBXBuildFile; fileRef = 83B7877C2A4F9AF0005E4546 /* CustomAlert.swift */; };
		83B9AAA72A929AB200D2A46D /* BiometricUnlock.swift in Sources */ = {isa = PBXBuildFile; fileRef = 832AF3642A67467A00E6DE35 /* BiometricUnlock.swift */; };
		83B9AAA82A92A28500D2A46D /* Bool+.swift in Sources */ = {isa = PBXBuildFile; fileRef = 835F6EF72A914E1800BC44E7 /* Bool+.swift */; };
		83BAB20D2A7310A000E06493 /* OpenAppLink.swift in Sources */ = {isa = PBXBuildFile; fileRef = 83BAB20C2A7310A000E06493 /* OpenAppLink.swift */; };
		83BAB20F2A731A7000E06493 /* AppLinkTests.swift in Sources */ = {isa = PBXBuildFile; fileRef = 83BAB20E2A731A7000E06493 /* AppLinkTests.swift */; };
		83BB69A52A70FAAA00C61C6D /* UIPasteBoard+.swift in Sources */ = {isa = PBXBuildFile; fileRef = 83BB69A42A70FAAA00C61C6D /* UIPasteBoard+.swift */; };
		83C6FFC62AA4FA3D00D402A8 /* KeyboardToolBar.swift in Sources */ = {isa = PBXBuildFile; fileRef = 83C6FFC52AA4FA3D00D402A8 /* KeyboardToolBar.swift */; };
		83C6FFC72AA501D500D402A8 /* KeyboardToolBar.swift in Sources */ = {isa = PBXBuildFile; fileRef = 83C6FFC52AA4FA3D00D402A8 /* KeyboardToolBar.swift */; };
		83CAFDD62A3D6BBA00FD87F8 /* CopyToClipboardConfirmationView.xib in Resources */ = {isa = PBXBuildFile; fileRef = 83CAFDD52A3D6BBA00FD87F8 /* CopyToClipboardConfirmationView.xib */; };
		83D4E8452A468C7A00991258 /* AccountCredentialsMediatingControllerTests.swift in Sources */ = {isa = PBXBuildFile; fileRef = 83D4E8442A468C7A00991258 /* AccountCredentialsMediatingControllerTests.swift */; };
		83EB7B7E2A9D9C38002848DE /* PreviewData.swift in Sources */ = {isa = PBXBuildFile; fileRef = 83EB7B7C2A9D9C34002848DE /* PreviewData.swift */; };
		83EDAB142A84B83900973D8C /* Model.xcdatamodeld in Sources */ = {isa = PBXBuildFile; fileRef = 9520B54629DA3A2300FFD65B /* Model.xcdatamodeld */; };
		83EDAB162A84B8A400973D8C /* URL+.swift in Sources */ = {isa = PBXBuildFile; fileRef = 83EDAB152A84B8A400973D8C /* URL+.swift */; };
		83EDAB172A84BA0A00973D8C /* AccountCredentialsManager.swift in Sources */ = {isa = PBXBuildFile; fileRef = 832875A12A31A4E8006694FE /* AccountCredentialsManager.swift */; };
		83EDAB182A84BA1200973D8C /* AccountCredential.swift in Sources */ = {isa = PBXBuildFile; fileRef = 9520B54929DBC04900FFD65B /* AccountCredential.swift */; };
		83EDAB192A84BA1900973D8C /* Encryptor.swift in Sources */ = {isa = PBXBuildFile; fileRef = 83AD0FCE2A330834008B3C09 /* Encryptor.swift */; };
		83EDAB1A2A84BA2000973D8C /* Converter.swift in Sources */ = {isa = PBXBuildFile; fileRef = 83AD0FD22A3309A9008B3C09 /* Converter.swift */; };
		83EDAB1B2A84BA2900973D8C /* PersistentContainer.swift in Sources */ = {isa = PBXBuildFile; fileRef = 831E393B2A7E2AFE004EB694 /* PersistentContainer.swift */; };
		83EDAB1C2A84BA3300973D8C /* URL+.swift in Sources */ = {isa = PBXBuildFile; fileRef = 83EDAB152A84B8A400973D8C /* URL+.swift */; };
		83F38ECA2A870D39000F0B98 /* CredentialConfigureFactory.swift in Sources */ = {isa = PBXBuildFile; fileRef = 831288EB2A383FD5009549F0 /* CredentialConfigureFactory.swift */; };
		83F38ECB2A870D3B000F0B98 /* CredentialConfigureCoordinator.swift in Sources */ = {isa = PBXBuildFile; fileRef = 831288ED2A383FF7009549F0 /* CredentialConfigureCoordinator.swift */; };
		83F38ECC2A870D43000F0B98 /* CredentialConfigureMediatingController.swift in Sources */ = {isa = PBXBuildFile; fileRef = 831288EF2A384014009549F0 /* CredentialConfigureMediatingController.swift */; };
		83F38ECD2A870D5C000F0B98 /* CredentialConfigureMediatingController.xib in Resources */ = {isa = PBXBuildFile; fileRef = 831288F12A3843D7009549F0 /* CredentialConfigureMediatingController.xib */; };
		83F38ECE2A870DBE000F0B98 /* CustomAlert.swift in Sources */ = {isa = PBXBuildFile; fileRef = 83B7877C2A4F9AF0005E4546 /* CustomAlert.swift */; };
		83F38ED42A870DE0000F0B98 /* CopyToClipboardConfirmationView.swift in Sources */ = {isa = PBXBuildFile; fileRef = 839D99922A3BFC3700C59AC6 /* CopyToClipboardConfirmationView.swift */; };
		83F38ED52A870DE7000F0B98 /* UIViewLoading.swift in Sources */ = {isa = PBXBuildFile; fileRef = 837312762A415DF000886D86 /* UIViewLoading.swift */; };
		83F38ED72A870E3B000F0B98 /* UIPasteBoard+.swift in Sources */ = {isa = PBXBuildFile; fileRef = 83BB69A42A70FAAA00C61C6D /* UIPasteBoard+.swift */; };
		9520B51729DA107900FFD65B /* AppDelegate.swift in Sources */ = {isa = PBXBuildFile; fileRef = 9520B51629DA107900FFD65B /* AppDelegate.swift */; };
		9520B51929DA107900FFD65B /* SceneDelegate.swift in Sources */ = {isa = PBXBuildFile; fileRef = 9520B51829DA107900FFD65B /* SceneDelegate.swift */; };
		9520B51B29DA107900FFD65B /* AccountCredentialsMediatingController.swift in Sources */ = {isa = PBXBuildFile; fileRef = 9520B51A29DA107900FFD65B /* AccountCredentialsMediatingController.swift */; };
		9520B51E29DA107900FFD65B /* Main.storyboard in Resources */ = {isa = PBXBuildFile; fileRef = 9520B51C29DA107900FFD65B /* Main.storyboard */; };
		9520B52029DA107D00FFD65B /* Assets.xcassets in Resources */ = {isa = PBXBuildFile; fileRef = 9520B51F29DA107D00FFD65B /* Assets.xcassets */; };
		9520B52329DA107D00FFD65B /* LaunchScreen.storyboard in Resources */ = {isa = PBXBuildFile; fileRef = 9520B52129DA107D00FFD65B /* LaunchScreen.storyboard */; };
		9520B53829DA107D00FFD65B /* VaultPass___Password_ManagerUITests.swift in Sources */ = {isa = PBXBuildFile; fileRef = 9520B53729DA107D00FFD65B /* VaultPass___Password_ManagerUITests.swift */; };
		9520B54829DA3A2300FFD65B /* Model.xcdatamodeld in Sources */ = {isa = PBXBuildFile; fileRef = 9520B54629DA3A2300FFD65B /* Model.xcdatamodeld */; };
		9520B54A29DBC04900FFD65B /* AccountCredential.swift in Sources */ = {isa = PBXBuildFile; fileRef = 9520B54929DBC04900FFD65B /* AccountCredential.swift */; };
/* End PBXBuildFile section */

/* Begin PBXContainerItemProxy section */
		9520B52A29DA107D00FFD65B /* PBXContainerItemProxy */ = {
			isa = PBXContainerItemProxy;
			containerPortal = 9520B50B29DA107900FFD65B /* Project object */;
			proxyType = 1;
			remoteGlobalIDString = 9520B51229DA107900FFD65B;
			remoteInfo = "VaultPass - Password Manager";
		};
		9520B53429DA107D00FFD65B /* PBXContainerItemProxy */ = {
			isa = PBXContainerItemProxy;
			containerPortal = 9520B50B29DA107900FFD65B /* Project object */;
			proxyType = 1;
			remoteGlobalIDString = 9520B51229DA107900FFD65B;
			remoteInfo = "VaultPass - Password Manager";
		};
/* End PBXContainerItemProxy section */

/* Begin PBXCopyFilesBuildPhase section */
		839C8E592A48C3AA00EE1A94 /* Embed Foundation Extensions */ = {
			isa = PBXCopyFilesBuildPhase;
			buildActionMask = 2147483647;
			dstPath = "";
			dstSubfolderSpec = 13;
			files = (
				839C8E552A48C3AA00EE1A94 /* AutofillCredentialProvider.appex in Embed Foundation Extensions */,
			);
			name = "Embed Foundation Extensions";
			runOnlyForDeploymentPostprocessing = 0;
		};
/* End PBXCopyFilesBuildPhase section */

/* Begin PBXFileReference section */
		830D2E2E2A89A68E006D0710 /* PasswordSettingsViewTests.swift */ = {isa = PBXFileReference; lastKnownFileType = sourcecode.swift; path = PasswordSettingsViewTests.swift; sourceTree = "<group>"; };
		831288EB2A383FD5009549F0 /* CredentialConfigureFactory.swift */ = {isa = PBXFileReference; lastKnownFileType = sourcecode.swift; path = CredentialConfigureFactory.swift; sourceTree = "<group>"; };
		831288ED2A383FF7009549F0 /* CredentialConfigureCoordinator.swift */ = {isa = PBXFileReference; lastKnownFileType = sourcecode.swift; path = CredentialConfigureCoordinator.swift; sourceTree = "<group>"; };
		831288EF2A384014009549F0 /* CredentialConfigureMediatingController.swift */ = {isa = PBXFileReference; lastKnownFileType = sourcecode.swift; path = CredentialConfigureMediatingController.swift; sourceTree = "<group>"; };
		831288F12A3843D7009549F0 /* CredentialConfigureMediatingController.xib */ = {isa = PBXFileReference; lastKnownFileType = file.xib; path = CredentialConfigureMediatingController.xib; sourceTree = "<group>"; };
		8316D6FB2A49E6F100113E5B /* CredentialConfigureMediatingControllerTests.swift */ = {isa = PBXFileReference; lastKnownFileType = sourcecode.swift; path = CredentialConfigureMediatingControllerTests.swift; sourceTree = "<group>"; };
		831E393B2A7E2AFE004EB694 /* PersistentContainer.swift */ = {isa = PBXFileReference; lastKnownFileType = sourcecode.swift; path = PersistentContainer.swift; sourceTree = "<group>"; };
		832875812A302467006694FE /* UnlockMediatingController.swift */ = {isa = PBXFileReference; lastKnownFileType = sourcecode.swift; path = UnlockMediatingController.swift; sourceTree = "<group>"; };
		832875852A30276B006694FE /* UnlockCoordinator.swift */ = {isa = PBXFileReference; lastKnownFileType = sourcecode.swift; path = UnlockCoordinator.swift; sourceTree = "<group>"; };
		832875872A302839006694FE /* AccountCredentialsCoordinator.swift */ = {isa = PBXFileReference; lastKnownFileType = sourcecode.swift; path = AccountCredentialsCoordinator.swift; sourceTree = "<group>"; };
		832875892A30285C006694FE /* AccountCredentialsFactory.swift */ = {isa = PBXFileReference; lastKnownFileType = sourcecode.swift; path = AccountCredentialsFactory.swift; sourceTree = "<group>"; };
		8328758E2A302900006694FE /* UnlockFactory.swift */ = {isa = PBXFileReference; lastKnownFileType = sourcecode.swift; path = UnlockFactory.swift; sourceTree = "<group>"; };
		832875962A315595006694FE /* AccountCredentialCell.swift */ = {isa = PBXFileReference; lastKnownFileType = sourcecode.swift; path = AccountCredentialCell.swift; sourceTree = "<group>"; };
		8328759A2A3194F6006694FE /* AccountCredentialsMediatingController.xib */ = {isa = PBXFileReference; lastKnownFileType = file.xib; path = AccountCredentialsMediatingController.xib; sourceTree = "<group>"; };
		8328759E2A319EAC006694FE /* AccountCredentialCell.xib */ = {isa = PBXFileReference; lastKnownFileType = file.xib; path = AccountCredentialCell.xib; sourceTree = "<group>"; };
		832875A12A31A4E8006694FE /* AccountCredentialsManager.swift */ = {isa = PBXFileReference; lastKnownFileType = sourcecode.swift; path = AccountCredentialsManager.swift; sourceTree = "<group>"; };
		832AF3642A67467A00E6DE35 /* BiometricUnlock.swift */ = {isa = PBXFileReference; lastKnownFileType = sourcecode.swift; path = BiometricUnlock.swift; sourceTree = "<group>"; };
		8337E0C02A6B4F6700E9C99A /* TermsAndConditionsMediatingControllerTests.swift */ = {isa = PBXFileReference; lastKnownFileType = sourcecode.swift; path = TermsAndConditionsMediatingControllerTests.swift; sourceTree = "<group>"; };
		83381E552A4402BD0070C427 /* UnlockMediatingControllerTests.swift */ = {isa = PBXFileReference; lastKnownFileType = sourcecode.swift; path = UnlockMediatingControllerTests.swift; sourceTree = "<group>"; };
		83381E592A4408C40070C427 /* TermsAndConditionsMediatingController.xib */ = {isa = PBXFileReference; lastKnownFileType = file.xib; path = TermsAndConditionsMediatingController.xib; sourceTree = "<group>"; };
		83381E5B2A4414530070C427 /* TermsAndConditionsMediatingController.swift */ = {isa = PBXFileReference; lastKnownFileType = sourcecode.swift; path = TermsAndConditionsMediatingController.swift; sourceTree = "<group>"; };
		83381E5D2A4415810070C427 /* TermsAndConditionsFactory.swift */ = {isa = PBXFileReference; lastKnownFileType = sourcecode.swift; path = TermsAndConditionsFactory.swift; sourceTree = "<group>"; };
		8348D7AC2A3EBAFC00D16B0B /* UserData.swift */ = {isa = PBXFileReference; lastKnownFileType = sourcecode.swift; path = UserData.swift; sourceTree = "<group>"; };
		8349B6892A996D0B003886AE /* PadConstraints.swift */ = {isa = PBXFileReference; lastKnownFileType = sourcecode.swift; path = PadConstraints.swift; sourceTree = "<group>"; };
		834E97242AC15376002A18C0 /* Manual Tests.md */ = {isa = PBXFileReference; lastKnownFileType = net.daringfireball.markdown; path = "Manual Tests.md"; sourceTree = "<group>"; };
		8351B6522AAED6A7003DCF43 /* IdentifierTextFieldCell.swift */ = {isa = PBXFileReference; lastKnownFileType = sourcecode.swift; path = IdentifierTextFieldCell.swift; sourceTree = "<group>"; };
		8351B6572AAED760003DCF43 /* IdentifierTextFieldCell.xib */ = {isa = PBXFileReference; lastKnownFileType = file.xib; path = IdentifierTextFieldCell.xib; sourceTree = "<group>"; };
		8351B65B2AAED8F8003DCF43 /* IdentifierTextFieldCellTests.swift */ = {isa = PBXFileReference; lastKnownFileType = sourcecode.swift; path = IdentifierTextFieldCellTests.swift; sourceTree = "<group>"; };
		8351C87C2A49FFC900E9BFA5 /* SettingsMediatingControllerTests.swift */ = {isa = PBXFileReference; lastKnownFileType = sourcecode.swift; path = SettingsMediatingControllerTests.swift; sourceTree = "<group>"; };
		835828592A4BC492004CAD4B /* UIButton+.swift */ = {isa = PBXFileReference; lastKnownFileType = sourcecode.swift; path = "UIButton+.swift"; sourceTree = "<group>"; };
		83590C702A6256BC0059D354 /* VaultPass - Password Manager.entitlements */ = {isa = PBXFileReference; lastKnownFileType = text.plist.entitlements; path = "VaultPass - Password Manager.entitlements"; sourceTree = "<group>"; };
		835E097E2A51385E00A319F7 /* TermsAndConditions.txt */ = {isa = PBXFileReference; fileEncoding = 4; lastKnownFileType = text; path = TermsAndConditions.txt; sourceTree = "<group>"; };
		835F6EF72A914E1800BC44E7 /* Bool+.swift */ = {isa = PBXFileReference; lastKnownFileType = sourcecode.swift; path = "Bool+.swift"; sourceTree = "<group>"; };
		836052692A8822CA003D5BD2 /* PasswordSettingsView.swift */ = {isa = PBXFileReference; lastKnownFileType = sourcecode.swift; path = PasswordSettingsView.swift; sourceTree = "<group>"; };
		8360526C2A88231E003D5BD2 /* PasswordSettingsView.xib */ = {isa = PBXFileReference; lastKnownFileType = file.xib; path = PasswordSettingsView.xib; sourceTree = "<group>"; };
		8360526F2A882C7A003D5BD2 /* PasswordSettingsCoordinator.swift */ = {isa = PBXFileReference; lastKnownFileType = sourcecode.swift; path = PasswordSettingsCoordinator.swift; sourceTree = "<group>"; };
		836B27762DE53FF000826312 /* PasswordManager.swift */ = {isa = PBXFileReference; lastKnownFileType = sourcecode.swift; path = PasswordManager.swift; sourceTree = "<group>"; };
		836B27792DE5441700826312 /* PasswordManagerTests.swift */ = {isa = PBXFileReference; lastKnownFileType = sourcecode.swift; path = PasswordManagerTests.swift; sourceTree = "<group>"; };
		837312762A415DF000886D86 /* UIViewLoading.swift */ = {isa = PBXFileReference; lastKnownFileType = sourcecode.swift; path = UIViewLoading.swift; sourceTree = "<group>"; };
		83870EB42AB010CE007EF66A /* AutofillSettings.swift */ = {isa = PBXFileReference; lastKnownFileType = sourcecode.swift; path = AutofillSettings.swift; sourceTree = "<group>"; };
		839C8E472A48C3AA00EE1A94 /* AutofillCredentialProvider.appex */ = {isa = PBXFileReference; explicitFileType = "wrapper.app-extension"; includeInIndex = 0; path = AutofillCredentialProvider.appex; sourceTree = BUILT_PRODUCTS_DIR; };
		839C8E492A48C3AA00EE1A94 /* AuthenticationServices.framework */ = {isa = PBXFileReference; lastKnownFileType = wrapper.framework; name = AuthenticationServices.framework; path = System/Library/Frameworks/AuthenticationServices.framework; sourceTree = SDKROOT; };
		839C8E4C2A48C3AA00EE1A94 /* CredentialProviderViewController.swift */ = {isa = PBXFileReference; lastKnownFileType = sourcecode.swift; path = CredentialProviderViewController.swift; sourceTree = "<group>"; };
		839C8E4F2A48C3AA00EE1A94 /* Base */ = {isa = PBXFileReference; lastKnownFileType = file.storyboard; name = Base; path = Base.lproj/MainInterface.storyboard; sourceTree = "<group>"; };
		839C8E512A48C3AA00EE1A94 /* Info.plist */ = {isa = PBXFileReference; lastKnownFileType = text.plist.xml; path = Info.plist; sourceTree = "<group>"; };
		839C8E522A48C3AA00EE1A94 /* AutofillCredentialProvider.entitlements */ = {isa = PBXFileReference; lastKnownFileType = text.plist.entitlements; path = AutofillCredentialProvider.entitlements; sourceTree = "<group>"; };
		839D998A2A3AC6C500C59AC6 /* SettingsFactory.swift */ = {isa = PBXFileReference; lastKnownFileType = sourcecode.swift; path = SettingsFactory.swift; sourceTree = "<group>"; };
		839D998C2A3AC6CB00C59AC6 /* SettingsCoordinator.swift */ = {isa = PBXFileReference; lastKnownFileType = sourcecode.swift; path = SettingsCoordinator.swift; sourceTree = "<group>"; };
		839D998E2A3AC6D600C59AC6 /* SettingsMediatingController.swift */ = {isa = PBXFileReference; lastKnownFileType = sourcecode.swift; path = SettingsMediatingController.swift; sourceTree = "<group>"; };
		839D99902A3AC6E200C59AC6 /* SettingsMediatingController.xib */ = {isa = PBXFileReference; lastKnownFileType = file.xib; path = SettingsMediatingController.xib; sourceTree = "<group>"; };
		839D99922A3BFC3700C59AC6 /* CopyToClipboardConfirmationView.swift */ = {isa = PBXFileReference; lastKnownFileType = sourcecode.swift; path = CopyToClipboardConfirmationView.swift; sourceTree = "<group>"; };
		839D99972A3C3A1100C59AC6 /* UIView+.swift */ = {isa = PBXFileReference; lastKnownFileType = sourcecode.swift; path = "UIView+.swift"; sourceTree = "<group>"; };
		83A25DB02A468A9500564588 /* AccountCredentialCellTests.swift */ = {isa = PBXFileReference; fileEncoding = 4; lastKnownFileType = sourcecode.swift; path = AccountCredentialCellTests.swift; sourceTree = "<group>"; };
		83AD0FCE2A330834008B3C09 /* Encryptor.swift */ = {isa = PBXFileReference; lastKnownFileType = sourcecode.swift; path = Encryptor.swift; sourceTree = "<group>"; };
		83AD0FD22A3309A9008B3C09 /* Converter.swift */ = {isa = PBXFileReference; lastKnownFileType = sourcecode.swift; path = Converter.swift; sourceTree = "<group>"; };
		83AD0FD42A340E92008B3C09 /* AccountCredentialsManagerTests.swift */ = {isa = PBXFileReference; lastKnownFileType = sourcecode.swift; path = AccountCredentialsManagerTests.swift; sourceTree = "<group>"; };
		83AF24222AC005F00012DE54 /* SecurityScreenController.xib */ = {isa = PBXFileReference; lastKnownFileType = file.xib; path = SecurityScreenController.xib; sourceTree = "<group>"; };
		83AF24242AC005F70012DE54 /* SecurityScreenController.swift */ = {isa = PBXFileReference; lastKnownFileType = sourcecode.swift; path = SecurityScreenController.swift; sourceTree = "<group>"; };
		83B414892A8DE628005CFAEB /* KeychainService.swift */ = {isa = PBXFileReference; lastKnownFileType = sourcecode.swift; path = KeychainService.swift; sourceTree = "<group>"; };
		83B53D022B5C69250071AF52 /* UIColor+.swift */ = {isa = PBXFileReference; lastKnownFileType = sourcecode.swift; path = "UIColor+.swift"; sourceTree = "<group>"; };
		83B7877C2A4F9AF0005E4546 /* CustomAlert.swift */ = {isa = PBXFileReference; lastKnownFileType = sourcecode.swift; path = CustomAlert.swift; sourceTree = "<group>"; };
		83BAB20C2A7310A000E06493 /* OpenAppLink.swift */ = {isa = PBXFileReference; lastKnownFileType = sourcecode.swift; path = OpenAppLink.swift; sourceTree = "<group>"; };
		83BAB20E2A731A7000E06493 /* AppLinkTests.swift */ = {isa = PBXFileReference; lastKnownFileType = sourcecode.swift; path = AppLinkTests.swift; sourceTree = "<group>"; };
		83BB69A42A70FAAA00C61C6D /* UIPasteBoard+.swift */ = {isa = PBXFileReference; lastKnownFileType = sourcecode.swift; path = "UIPasteBoard+.swift"; sourceTree = "<group>"; };
		83C6FFC52AA4FA3D00D402A8 /* KeyboardToolBar.swift */ = {isa = PBXFileReference; lastKnownFileType = sourcecode.swift; path = KeyboardToolBar.swift; sourceTree = "<group>"; };
		83CAFDD52A3D6BBA00FD87F8 /* CopyToClipboardConfirmationView.xib */ = {isa = PBXFileReference; lastKnownFileType = file.xib; path = CopyToClipboardConfirmationView.xib; sourceTree = "<group>"; };
		83D4E8442A468C7A00991258 /* AccountCredentialsMediatingControllerTests.swift */ = {isa = PBXFileReference; fileEncoding = 4; lastKnownFileType = sourcecode.swift; path = AccountCredentialsMediatingControllerTests.swift; sourceTree = "<group>"; };
		83EB7B7C2A9D9C34002848DE /* PreviewData.swift */ = {isa = PBXFileReference; lastKnownFileType = sourcecode.swift; path = PreviewData.swift; sourceTree = "<group>"; };
		83EDAB152A84B8A400973D8C /* URL+.swift */ = {isa = PBXFileReference; lastKnownFileType = sourcecode.swift; path = "URL+.swift"; sourceTree = "<group>"; };
		83F145FA2A8B05EF00A5FA61 /* CloudKit.framework */ = {isa = PBXFileReference; lastKnownFileType = wrapper.framework; name = CloudKit.framework; path = System/Library/Frameworks/CloudKit.framework; sourceTree = SDKROOT; };
		9520B51329DA107900FFD65B /* VaultPass.app */ = {isa = PBXFileReference; explicitFileType = wrapper.application; includeInIndex = 0; path = VaultPass.app; sourceTree = BUILT_PRODUCTS_DIR; };
		9520B51629DA107900FFD65B /* AppDelegate.swift */ = {isa = PBXFileReference; lastKnownFileType = sourcecode.swift; path = AppDelegate.swift; sourceTree = "<group>"; };
		9520B51829DA107900FFD65B /* SceneDelegate.swift */ = {isa = PBXFileReference; lastKnownFileType = sourcecode.swift; path = SceneDelegate.swift; sourceTree = "<group>"; };
		9520B51A29DA107900FFD65B /* AccountCredentialsMediatingController.swift */ = {isa = PBXFileReference; lastKnownFileType = sourcecode.swift; path = AccountCredentialsMediatingController.swift; sourceTree = "<group>"; };
		9520B51D29DA107900FFD65B /* Base */ = {isa = PBXFileReference; lastKnownFileType = file.storyboard; name = Base; path = Base.lproj/Main.storyboard; sourceTree = "<group>"; };
		9520B51F29DA107D00FFD65B /* Assets.xcassets */ = {isa = PBXFileReference; lastKnownFileType = folder.assetcatalog; path = Assets.xcassets; sourceTree = "<group>"; };
		9520B52229DA107D00FFD65B /* Base */ = {isa = PBXFileReference; lastKnownFileType = file.storyboard; name = Base; path = Base.lproj/LaunchScreen.storyboard; sourceTree = "<group>"; };
		9520B52429DA107D00FFD65B /* Info.plist */ = {isa = PBXFileReference; lastKnownFileType = text.plist.xml; path = Info.plist; sourceTree = "<group>"; };
		9520B52929DA107D00FFD65B /* VaultPass - Password ManagerTests.xctest */ = {isa = PBXFileReference; explicitFileType = wrapper.cfbundle; includeInIndex = 0; path = "VaultPass - Password ManagerTests.xctest"; sourceTree = BUILT_PRODUCTS_DIR; };
		9520B53329DA107D00FFD65B /* VaultPass - Password ManagerUITests.xctest */ = {isa = PBXFileReference; explicitFileType = wrapper.cfbundle; includeInIndex = 0; path = "VaultPass - Password ManagerUITests.xctest"; sourceTree = BUILT_PRODUCTS_DIR; };
		9520B53729DA107D00FFD65B /* VaultPass___Password_ManagerUITests.swift */ = {isa = PBXFileReference; lastKnownFileType = sourcecode.swift; path = "VaultPass___Password_ManagerUITests.swift"; sourceTree = "<group>"; };
		9520B54729DA3A2300FFD65B /* Model.xcdatamodel */ = {isa = PBXFileReference; lastKnownFileType = wrapper.xcdatamodel; path = Model.xcdatamodel; sourceTree = "<group>"; };
		9520B54929DBC04900FFD65B /* AccountCredential.swift */ = {isa = PBXFileReference; lastKnownFileType = sourcecode.swift; path = AccountCredential.swift; sourceTree = "<group>"; };
/* End PBXFileReference section */

/* Begin PBXFrameworksBuildPhase section */
		839C8E442A48C3AA00EE1A94 /* Frameworks */ = {
			isa = PBXFrameworksBuildPhase;
			buildActionMask = 2147483647;
			files = (
				839C8E4A2A48C3AA00EE1A94 /* AuthenticationServices.framework in Frameworks */,
			);
			runOnlyForDeploymentPostprocessing = 0;
		};
		9520B51029DA107900FFD65B /* Frameworks */ = {
			isa = PBXFrameworksBuildPhase;
			buildActionMask = 2147483647;
			files = (
			);
			runOnlyForDeploymentPostprocessing = 0;
		};
		9520B52629DA107D00FFD65B /* Frameworks */ = {
			isa = PBXFrameworksBuildPhase;
			buildActionMask = 2147483647;
			files = (
			);
			runOnlyForDeploymentPostprocessing = 0;
		};
		9520B53029DA107D00FFD65B /* Frameworks */ = {
			isa = PBXFrameworksBuildPhase;
			buildActionMask = 2147483647;
			files = (
			);
			runOnlyForDeploymentPostprocessing = 0;
		};
/* End PBXFrameworksBuildPhase section */

/* Begin PBXGroup section */
		831288EA2A383F32009549F0 /* CredentialConfigure */ = {
			isa = PBXGroup;
			children = (
				831288EB2A383FD5009549F0 /* CredentialConfigureFactory.swift */,
				831288ED2A383FF7009549F0 /* CredentialConfigureCoordinator.swift */,
				831288EF2A384014009549F0 /* CredentialConfigureMediatingController.swift */,
				8316D6FB2A49E6F100113E5B /* CredentialConfigureMediatingControllerTests.swift */,
				831288F12A3843D7009549F0 /* CredentialConfigureMediatingController.xib */,
				8351B6522AAED6A7003DCF43 /* IdentifierTextFieldCell.swift */,
				8351B65B2AAED8F8003DCF43 /* IdentifierTextFieldCellTests.swift */,
				8351B6572AAED760003DCF43 /* IdentifierTextFieldCell.xib */,
			);
			path = CredentialConfigure;
			sourceTree = "<group>";
		};
		832875802A30244C006694FE /* Unlock */ = {
			isa = PBXGroup;
			children = (
				8328758E2A302900006694FE /* UnlockFactory.swift */,
				832875852A30276B006694FE /* UnlockCoordinator.swift */,
				832875812A302467006694FE /* UnlockMediatingController.swift */,
				83381E552A4402BD0070C427 /* UnlockMediatingControllerTests.swift */,
			);
			path = Unlock;
			sourceTree = "<group>";
		};
		832875A02A31A4B5006694FE /* Managers */ = {
			isa = PBXGroup;
			children = (
				832875A12A31A4E8006694FE /* AccountCredentialsManager.swift */,
				83AD0FD42A340E92008B3C09 /* AccountCredentialsManagerTests.swift */,
				9520B54929DBC04900FFD65B /* AccountCredential.swift */,
				836B27762DE53FF000826312 /* PasswordManager.swift */,
				836B27792DE5441700826312 /* PasswordManagerTests.swift */,
			);
			path = Managers;
			sourceTree = "<group>";
		};
		83381E542A44015C0070C427 /* Main */ = {
			isa = PBXGroup;
			children = (
				839D99962A3C3A0900C59AC6 /* Extras */,
				9520B54C29DBC5F600FFD65B /* Delegates */,
				83AD0FCD2A330819008B3C09 /* Utilities */,
				832875A02A31A4B5006694FE /* Managers */,
			);
			name = Main;
			path = Extras/Main;
			sourceTree = "<group>";
		};
		83381E582A4408560070C427 /* TermsAndConditions */ = {
			isa = PBXGroup;
			children = (
				83381E5D2A4415810070C427 /* TermsAndConditionsFactory.swift */,
				83381E5B2A4414530070C427 /* TermsAndConditionsMediatingController.swift */,
				8337E0C02A6B4F6700E9C99A /* TermsAndConditionsMediatingControllerTests.swift */,
				83381E592A4408C40070C427 /* TermsAndConditionsMediatingController.xib */,
			);
			path = TermsAndConditions;
			sourceTree = "<group>";
		};
		839C8E482A48C3AA00EE1A94 /* Frameworks */ = {
			isa = PBXGroup;
			children = (
				83F145FA2A8B05EF00A5FA61 /* CloudKit.framework */,
				839C8E492A48C3AA00EE1A94 /* AuthenticationServices.framework */,
			);
			name = Frameworks;
			sourceTree = "<group>";
		};
		839C8E4B2A48C3AA00EE1A94 /* AutofillCredentialProvider */ = {
			isa = PBXGroup;
			children = (
				83870EB42AB010CE007EF66A /* AutofillSettings.swift */,
				839C8E4C2A48C3AA00EE1A94 /* CredentialProviderViewController.swift */,
				839C8E4E2A48C3AA00EE1A94 /* MainInterface.storyboard */,
				839C8E512A48C3AA00EE1A94 /* Info.plist */,
				839C8E522A48C3AA00EE1A94 /* AutofillCredentialProvider.entitlements */,
			);
			path = AutofillCredentialProvider;
			sourceTree = "<group>";
		};
		839D99892A3AC6AB00C59AC6 /* Settings */ = {
			isa = PBXGroup;
			children = (
				839D998A2A3AC6C500C59AC6 /* SettingsFactory.swift */,
				839D998C2A3AC6CB00C59AC6 /* SettingsCoordinator.swift */,
				839D998E2A3AC6D600C59AC6 /* SettingsMediatingController.swift */,
				8351C87C2A49FFC900E9BFA5 /* SettingsMediatingControllerTests.swift */,
				839D99902A3AC6E200C59AC6 /* SettingsMediatingController.xib */,
				8360526F2A882C7A003D5BD2 /* PasswordSettingsCoordinator.swift */,
				836052692A8822CA003D5BD2 /* PasswordSettingsView.swift */,
				830D2E2E2A89A68E006D0710 /* PasswordSettingsViewTests.swift */,
				8360526C2A88231E003D5BD2 /* PasswordSettingsView.xib */,
			);
			path = Settings;
			sourceTree = "<group>";
		};
		839D99962A3C3A0900C59AC6 /* Extras */ = {
			isa = PBXGroup;
			children = (
				839D99972A3C3A1100C59AC6 /* UIView+.swift */,
				837312762A415DF000886D86 /* UIViewLoading.swift */,
				835828592A4BC492004CAD4B /* UIButton+.swift */,
				832AF3642A67467A00E6DE35 /* BiometricUnlock.swift */,
				83BB69A42A70FAAA00C61C6D /* UIPasteBoard+.swift */,
				83EDAB152A84B8A400973D8C /* URL+.swift */,
				835F6EF72A914E1800BC44E7 /* Bool+.swift */,
				83B53D022B5C69250071AF52 /* UIColor+.swift */,
			);
			name = Extras;
			path = ..;
			sourceTree = "<group>";
		};
		83AD0FCD2A330819008B3C09 /* Utilities */ = {
			isa = PBXGroup;
			children = (
				83B7877C2A4F9AF0005E4546 /* CustomAlert.swift */,
				83BAB20C2A7310A000E06493 /* OpenAppLink.swift */,
				83BAB20E2A731A7000E06493 /* AppLinkTests.swift */,
				83B414892A8DE628005CFAEB /* KeychainService.swift */,
				83AD0FCE2A330834008B3C09 /* Encryptor.swift */,
				83AD0FD22A3309A9008B3C09 /* Converter.swift */,
				8348D7AC2A3EBAFC00D16B0B /* UserData.swift */,
				831E393B2A7E2AFE004EB694 /* PersistentContainer.swift */,
				8349B6892A996D0B003886AE /* PadConstraints.swift */,
				83EB7B7C2A9D9C34002848DE /* PreviewData.swift */,
				83C6FFC52AA4FA3D00D402A8 /* KeyboardToolBar.swift */,
			);
			path = Utilities;
			sourceTree = "<group>";
		};
		83AF241F2AC005B70012DE54 /* SecurityScreen */ = {
			isa = PBXGroup;
			children = (
				83AF24242AC005F70012DE54 /* SecurityScreenController.swift */,
				83AF24222AC005F00012DE54 /* SecurityScreenController.xib */,
			);
			path = SecurityScreen;
			sourceTree = "<group>";
		};
		9520B50A29DA107900FFD65B = {
			isa = PBXGroup;
			children = (
				834E97242AC15376002A18C0 /* Manual Tests.md */,
				9520B54629DA3A2300FFD65B /* Model.xcdatamodeld */,
				9520B51529DA107900FFD65B /* VaultPass - Password Manager */,
				9520B53629DA107D00FFD65B /* VaultPass - Password ManagerUITests */,
				839C8E4B2A48C3AA00EE1A94 /* AutofillCredentialProvider */,
				839C8E482A48C3AA00EE1A94 /* Frameworks */,
				9520B51429DA107900FFD65B /* Products */,
			);
			sourceTree = "<group>";
		};
		9520B51429DA107900FFD65B /* Products */ = {
			isa = PBXGroup;
			children = (
				9520B51329DA107900FFD65B /* VaultPass.app */,
				9520B52929DA107D00FFD65B /* VaultPass - Password ManagerTests.xctest */,
				9520B53329DA107D00FFD65B /* VaultPass - Password ManagerUITests.xctest */,
				839C8E472A48C3AA00EE1A94 /* AutofillCredentialProvider.appex */,
			);
			name = Products;
			sourceTree = "<group>";
		};
		9520B51529DA107900FFD65B /* VaultPass - Password Manager */ = {
			isa = PBXGroup;
			children = (
				83590C702A6256BC0059D354 /* VaultPass - Password Manager.entitlements */,
				83381E542A44015C0070C427 /* Main */,
				9520B54B29DBC5E800FFD65B /* Modules */,
				9520B51C29DA107900FFD65B /* Main.storyboard */,
				9520B51F29DA107D00FFD65B /* Assets.xcassets */,
				9520B52129DA107D00FFD65B /* LaunchScreen.storyboard */,
				9520B52429DA107D00FFD65B /* Info.plist */,
				835E097E2A51385E00A319F7 /* TermsAndConditions.txt */,
			);
			path = "VaultPass - Password Manager";
			sourceTree = "<group>";
		};
		9520B53629DA107D00FFD65B /* VaultPass - Password ManagerUITests */ = {
			isa = PBXGroup;
			children = (
				9520B53729DA107D00FFD65B /* VaultPass___Password_ManagerUITests.swift */,
			);
			path = "VaultPass - Password ManagerUITests";
			sourceTree = "<group>";
		};
		9520B54B29DBC5E800FFD65B /* Modules */ = {
			isa = PBXGroup;
			children = (
				832875802A30244C006694FE /* Unlock */,
				9520B54D29DBC62100FFD65B /* AccountCredentialList */,
				831288EA2A383F32009549F0 /* CredentialConfigure */,
				839D99892A3AC6AB00C59AC6 /* Settings */,
				83AF241F2AC005B70012DE54 /* SecurityScreen */,
				83381E582A4408560070C427 /* TermsAndConditions */,
			);
			path = Modules;
			sourceTree = "<group>";
		};
		9520B54C29DBC5F600FFD65B /* Delegates */ = {
			isa = PBXGroup;
			children = (
				9520B51629DA107900FFD65B /* AppDelegate.swift */,
				9520B51829DA107900FFD65B /* SceneDelegate.swift */,
			);
			path = Delegates;
			sourceTree = "<group>";
		};
		9520B54D29DBC62100FFD65B /* AccountCredentialList */ = {
			isa = PBXGroup;
			children = (
				832875892A30285C006694FE /* AccountCredentialsFactory.swift */,
				832875872A302839006694FE /* AccountCredentialsCoordinator.swift */,
				9520B51A29DA107900FFD65B /* AccountCredentialsMediatingController.swift */,
				83D4E8442A468C7A00991258 /* AccountCredentialsMediatingControllerTests.swift */,
				8328759A2A3194F6006694FE /* AccountCredentialsMediatingController.xib */,
				832875962A315595006694FE /* AccountCredentialCell.swift */,
				83A25DB02A468A9500564588 /* AccountCredentialCellTests.swift */,
				8328759E2A319EAC006694FE /* AccountCredentialCell.xib */,
				839D99922A3BFC3700C59AC6 /* CopyToClipboardConfirmationView.swift */,
				83CAFDD52A3D6BBA00FD87F8 /* CopyToClipboardConfirmationView.xib */,
			);
			path = AccountCredentialList;
			sourceTree = "<group>";
		};
/* End PBXGroup section */

/* Begin PBXNativeTarget section */
		839C8E462A48C3AA00EE1A94 /* AutofillCredentialProvider */ = {
			isa = PBXNativeTarget;
			buildConfigurationList = 839C8E562A48C3AA00EE1A94 /* Build configuration list for PBXNativeTarget "AutofillCredentialProvider" */;
			buildPhases = (
				839C8E432A48C3AA00EE1A94 /* Sources */,
				839C8E442A48C3AA00EE1A94 /* Frameworks */,
				839C8E452A48C3AA00EE1A94 /* Resources */,
			);
			buildRules = (
			);
			dependencies = (
			);
			name = AutofillCredentialProvider;
			productName = AutofillCredentialProvider;
			productReference = 839C8E472A48C3AA00EE1A94 /* AutofillCredentialProvider.appex */;
			productType = "com.apple.product-type.app-extension";
		};
		9520B51229DA107900FFD65B /* VaultPass */ = {
			isa = PBXNativeTarget;
			buildConfigurationList = 9520B53D29DA107D00FFD65B /* Build configuration list for PBXNativeTarget "VaultPass" */;
			buildPhases = (
				9520B50F29DA107900FFD65B /* Sources */,
				9520B51029DA107900FFD65B /* Frameworks */,
				9520B51129DA107900FFD65B /* Resources */,
				839C8E592A48C3AA00EE1A94 /* Embed Foundation Extensions */,
			);
			buildRules = (
			);
			dependencies = (
			);
			name = VaultPass;
			productName = "VaultPass - Password Manager";
			productReference = 9520B51329DA107900FFD65B /* VaultPass.app */;
			productType = "com.apple.product-type.application";
		};
		9520B52829DA107D00FFD65B /* VaultPass - Password ManagerTests */ = {
			isa = PBXNativeTarget;
			buildConfigurationList = 9520B54029DA107D00FFD65B /* Build configuration list for PBXNativeTarget "VaultPass - Password ManagerTests" */;
			buildPhases = (
				9520B52529DA107D00FFD65B /* Sources */,
				9520B52629DA107D00FFD65B /* Frameworks */,
				9520B52729DA107D00FFD65B /* Resources */,
			);
			buildRules = (
			);
			dependencies = (
				9520B52B29DA107D00FFD65B /* PBXTargetDependency */,
			);
			name = "VaultPass - Password ManagerTests";
			productName = "VaultPass - Password ManagerTests";
			productReference = 9520B52929DA107D00FFD65B /* VaultPass - Password ManagerTests.xctest */;
			productType = "com.apple.product-type.bundle.unit-test";
		};
		9520B53229DA107D00FFD65B /* VaultPass - Password ManagerUITests */ = {
			isa = PBXNativeTarget;
			buildConfigurationList = 9520B54329DA107D00FFD65B /* Build configuration list for PBXNativeTarget "VaultPass - Password ManagerUITests" */;
			buildPhases = (
				9520B52F29DA107D00FFD65B /* Sources */,
				9520B53029DA107D00FFD65B /* Frameworks */,
				9520B53129DA107D00FFD65B /* Resources */,
			);
			buildRules = (
			);
			dependencies = (
				9520B53529DA107D00FFD65B /* PBXTargetDependency */,
			);
			name = "VaultPass - Password ManagerUITests";
			productName = "VaultPass - Password ManagerUITests";
			productReference = 9520B53329DA107D00FFD65B /* VaultPass - Password ManagerUITests.xctest */;
			productType = "com.apple.product-type.bundle.ui-testing";
		};
/* End PBXNativeTarget section */

/* Begin PBXProject section */
		9520B50B29DA107900FFD65B /* Project object */ = {
			isa = PBXProject;
			attributes = {
				BuildIndependentTargetsInParallel = 1;
				LastSwiftUpdateCheck = 1430;
				LastUpgradeCheck = 1320;
				TargetAttributes = {
					839C8E462A48C3AA00EE1A94 = {
						CreatedOnToolsVersion = 14.3.1;
					};
					9520B51229DA107900FFD65B = {
						CreatedOnToolsVersion = 13.2.1;
					};
					9520B52829DA107D00FFD65B = {
						CreatedOnToolsVersion = 13.2.1;
						TestTargetID = 9520B51229DA107900FFD65B;
					};
					9520B53229DA107D00FFD65B = {
						CreatedOnToolsVersion = 13.2.1;
						TestTargetID = 9520B51229DA107900FFD65B;
					};
				};
			};
			buildConfigurationList = 9520B50E29DA107900FFD65B /* Build configuration list for PBXProject "VaultPass - Password Manager" */;
			compatibilityVersion = "Xcode 13.0";
			developmentRegion = en;
			hasScannedForEncodings = 0;
			knownRegions = (
				en,
				Base,
			);
			mainGroup = 9520B50A29DA107900FFD65B;
			productRefGroup = 9520B51429DA107900FFD65B /* Products */;
			projectDirPath = "";
			projectRoot = "";
			targets = (
				9520B51229DA107900FFD65B /* VaultPass */,
				9520B52829DA107D00FFD65B /* VaultPass - Password ManagerTests */,
				9520B53229DA107D00FFD65B /* VaultPass - Password ManagerUITests */,
				839C8E462A48C3AA00EE1A94 /* AutofillCredentialProvider */,
			);
		};
/* End PBXProject section */

/* Begin PBXResourcesBuildPhase section */
		839C8E452A48C3AA00EE1A94 /* Resources */ = {
			isa = PBXResourcesBuildPhase;
			buildActionMask = 2147483647;
			files = (
				8351B6592AAED760003DCF43 /* IdentifierTextFieldCell.xib in Resources */,
				8360526E2A88231E003D5BD2 /* PasswordSettingsView.xib in Resources */,
				832F6ECF2AEE31C10086A79C /* CopyToClipboardConfirmationView.xib in Resources */,
				83F38ECD2A870D5C000F0B98 /* CredentialConfigureMediatingController.xib in Resources */,
				839C8E502A48C3AA00EE1A94 /* MainInterface.storyboard in Resources */,
			);
			runOnlyForDeploymentPostprocessing = 0;
		};
		9520B51129DA107900FFD65B /* Resources */ = {
			isa = PBXResourcesBuildPhase;
			buildActionMask = 2147483647;
			files = (
				8360526D2A88231E003D5BD2 /* PasswordSettingsView.xib in Resources */,
				831288F22A3843D7009549F0 /* CredentialConfigureMediatingController.xib in Resources */,
				83381E5A2A4408C40070C427 /* TermsAndConditionsMediatingController.xib in Resources */,
				835E097F2A51385E00A319F7 /* TermsAndConditions.txt in Resources */,
				8328759F2A319EAC006694FE /* AccountCredentialCell.xib in Resources */,
				839D99912A3AC6E200C59AC6 /* SettingsMediatingController.xib in Resources */,
				832AF35F2A67381300E6DE35 /* MainInterface.storyboard in Resources */,
				8351B65D2AAEDA5F003DCF43 /* IdentifierTextFieldCell.xib in Resources */,
				9520B52329DA107D00FFD65B /* LaunchScreen.storyboard in Resources */,
				9520B52029DA107D00FFD65B /* Assets.xcassets in Resources */,
				9520B51E29DA107900FFD65B /* Main.storyboard in Resources */,
				83AF24232AC005F00012DE54 /* SecurityScreenController.xib in Resources */,
				83CAFDD62A3D6BBA00FD87F8 /* CopyToClipboardConfirmationView.xib in Resources */,
				8328759B2A3194F6006694FE /* AccountCredentialsMediatingController.xib in Resources */,
			);
			runOnlyForDeploymentPostprocessing = 0;
		};
		9520B52729DA107D00FFD65B /* Resources */ = {
			isa = PBXResourcesBuildPhase;
			buildActionMask = 2147483647;
			files = (
			);
			runOnlyForDeploymentPostprocessing = 0;
		};
		9520B53129DA107D00FFD65B /* Resources */ = {
			isa = PBXResourcesBuildPhase;
			buildActionMask = 2147483647;
			files = (
			);
			runOnlyForDeploymentPostprocessing = 0;
		};
/* End PBXResourcesBuildPhase section */

/* Begin PBXSourcesBuildPhase section */
		839C8E432A48C3AA00EE1A94 /* Sources */ = {
			isa = PBXSourcesBuildPhase;
			buildActionMask = 2147483647;
			files = (
				836B27782DE53FF000826312 /* PasswordManager.swift in Sources */,
				8349B68B2A9AEF08003886AE /* PadConstraints.swift in Sources */,
				83F38ECA2A870D39000F0B98 /* CredentialConfigureFactory.swift in Sources */,
				832DD4872A7F84BF007331BC /* CredentialProviderViewController.swift in Sources */,
				83F38ECC2A870D43000F0B98 /* CredentialConfigureMediatingController.swift in Sources */,
				8360526B2A8822CA003D5BD2 /* PasswordSettingsView.swift in Sources */,
				83F38ECE2A870DBE000F0B98 /* CustomAlert.swift in Sources */,
				836052722A8833DB003D5BD2 /* UIView+.swift in Sources */,
				83F38ED52A870DE7000F0B98 /* UIViewLoading.swift in Sources */,
				83C6FFC72AA501D500D402A8 /* KeyboardToolBar.swift in Sources */,
				83870EB62AB010CE007EF66A /* AutofillSettings.swift in Sources */,
				83F38ED72A870E3B000F0B98 /* UIPasteBoard+.swift in Sources */,
				83EDAB142A84B83900973D8C /* Model.xcdatamodeld in Sources */,
				83EDAB192A84BA1900973D8C /* Encryptor.swift in Sources */,
				8351B65A2AAED8DE003DCF43 /* IdentifierTextFieldCell.swift in Sources */,
				83B9AAA72A929AB200D2A46D /* BiometricUnlock.swift in Sources */,
				83F38ECB2A870D3B000F0B98 /* CredentialConfigureCoordinator.swift in Sources */,
				83EDAB1C2A84BA3300973D8C /* URL+.swift in Sources */,
				83F38ED42A870DE0000F0B98 /* CopyToClipboardConfirmationView.swift in Sources */,
				83B9AAA82A92A28500D2A46D /* Bool+.swift in Sources */,
				83EDAB182A84BA1200973D8C /* AccountCredential.swift in Sources */,
				83B4148B2A8DE628005CFAEB /* KeychainService.swift in Sources */,
				836052732A883BBE003D5BD2 /* PasswordSettingsCoordinator.swift in Sources */,
				83EDAB1B2A84BA2900973D8C /* PersistentContainer.swift in Sources */,
				83B53D042B5C69250071AF52 /* UIColor+.swift in Sources */,
				83EDAB1A2A84BA2000973D8C /* Converter.swift in Sources */,
				83EDAB172A84BA0A00973D8C /* AccountCredentialsManager.swift in Sources */,
			);
			runOnlyForDeploymentPostprocessing = 0;
		};
		9520B50F29DA107900FFD65B /* Sources */ = {
			isa = PBXSourcesBuildPhase;
			buildActionMask = 2147483647;
			files = (
				831288EE2A383FF7009549F0 /* CredentialConfigureCoordinator.swift in Sources */,
				83AF24252AC005F70012DE54 /* SecurityScreenController.swift in Sources */,
				839D998F2A3AC6D600C59AC6 /* SettingsMediatingController.swift in Sources */,
				831288EC2A383FD5009549F0 /* CredentialConfigureFactory.swift in Sources */,
				9520B54A29DBC04900FFD65B /* AccountCredential.swift in Sources */,
				83870EB52AB010CE007EF66A /* AutofillSettings.swift in Sources */,
				9520B51B29DA107900FFD65B /* AccountCredentialsMediatingController.swift in Sources */,
				83B4148A2A8DE628005CFAEB /* KeychainService.swift in Sources */,
				832AF3652A67467A00E6DE35 /* BiometricUnlock.swift in Sources */,
				837312772A415DF000886D86 /* UIViewLoading.swift in Sources */,
				8351B6532AAED6A7003DCF43 /* IdentifierTextFieldCell.swift in Sources */,
				832875862A30276B006694FE /* UnlockCoordinator.swift in Sources */,
				83AD0FCF2A330834008B3C09 /* Encryptor.swift in Sources */,
				83AD0FD32A3309A9008B3C09 /* Converter.swift in Sources */,
				839D99982A3C3A1100C59AC6 /* UIView+.swift in Sources */,
				83381E5E2A4415810070C427 /* TermsAndConditionsFactory.swift in Sources */,
				839D998B2A3AC6C500C59AC6 /* SettingsFactory.swift in Sources */,
				831E393C2A7E2AFE004EB694 /* PersistentContainer.swift in Sources */,
				8328758F2A302900006694FE /* UnlockFactory.swift in Sources */,
				836052702A882C7B003D5BD2 /* PasswordSettingsCoordinator.swift in Sources */,
				832875972A315595006694FE /* AccountCredentialCell.swift in Sources */,
				835F6EF82A914E1800BC44E7 /* Bool+.swift in Sources */,
				9520B51729DA107900FFD65B /* AppDelegate.swift in Sources */,
				9520B51929DA107900FFD65B /* SceneDelegate.swift in Sources */,
				83B7877D2A4F9AF0005E4546 /* CustomAlert.swift in Sources */,
				83EDAB162A84B8A400973D8C /* URL+.swift in Sources */,
				83BAB20D2A7310A000E06493 /* OpenAppLink.swift in Sources */,
				8348D7AD2A3EBAFC00D16B0B /* UserData.swift in Sources */,
				8349B68A2A996D0B003886AE /* PadConstraints.swift in Sources */,
				839D998D2A3AC6CB00C59AC6 /* SettingsCoordinator.swift in Sources */,
				83BB69A52A70FAAA00C61C6D /* UIPasteBoard+.swift in Sources */,
				832875882A302839006694FE /* AccountCredentialsCoordinator.swift in Sources */,
				832875A22A31A4E8006694FE /* AccountCredentialsManager.swift in Sources */,
				831288F02A384014009549F0 /* CredentialConfigureMediatingController.swift in Sources */,
				836B27772DE53FF000826312 /* PasswordManager.swift in Sources */,
				839D99932A3BFC3700C59AC6 /* CopyToClipboardConfirmationView.swift in Sources */,
				832875822A302467006694FE /* UnlockMediatingController.swift in Sources */,
				8328758A2A30285C006694FE /* AccountCredentialsFactory.swift in Sources */,
				83B53D032B5C69250071AF52 /* UIColor+.swift in Sources */,
				8358285A2A4BC492004CAD4B /* UIButton+.swift in Sources */,
				9520B54829DA3A2300FFD65B /* Model.xcdatamodeld in Sources */,
				83C6FFC62AA4FA3D00D402A8 /* KeyboardToolBar.swift in Sources */,
				8360526A2A8822CA003D5BD2 /* PasswordSettingsView.swift in Sources */,
				83381E5C2A4414530070C427 /* TermsAndConditionsMediatingController.swift in Sources */,
			);
			runOnlyForDeploymentPostprocessing = 0;
		};
		9520B52529DA107D00FFD65B /* Sources */ = {
			isa = PBXSourcesBuildPhase;
			buildActionMask = 2147483647;
			files = (
				8316D6FC2A49E6F100113E5B /* CredentialConfigureMediatingControllerTests.swift in Sources */,
				8351C87D2A49FFC900E9BFA5 /* SettingsMediatingControllerTests.swift in Sources */,
				83AD0FD52A340E92008B3C09 /* AccountCredentialsManagerTests.swift in Sources */,
				83EB7B7E2A9D9C38002848DE /* PreviewData.swift in Sources */,
				8337E0C12A6B4F6700E9C99A /* TermsAndConditionsMediatingControllerTests.swift in Sources */,
				8351B65C2AAED8F8003DCF43 /* IdentifierTextFieldCellTests.swift in Sources */,
				836B277C2DE5441700826312 /* PasswordManagerTests.swift in Sources */,
				83A25DB12A468A9500564588 /* AccountCredentialCellTests.swift in Sources */,
				830D2E2F2A89A68E006D0710 /* PasswordSettingsViewTests.swift in Sources */,
				83BAB20F2A731A7000E06493 /* AppLinkTests.swift in Sources */,
				83381E572A4402F60070C427 /* UnlockMediatingControllerTests.swift in Sources */,
				83D4E8452A468C7A00991258 /* AccountCredentialsMediatingControllerTests.swift in Sources */,
			);
			runOnlyForDeploymentPostprocessing = 0;
		};
		9520B52F29DA107D00FFD65B /* Sources */ = {
			isa = PBXSourcesBuildPhase;
			buildActionMask = 2147483647;
			files = (
				9520B53829DA107D00FFD65B /* VaultPass___Password_ManagerUITests.swift in Sources */,
			);
			runOnlyForDeploymentPostprocessing = 0;
		};
/* End PBXSourcesBuildPhase section */

/* Begin PBXTargetDependency section */
		9520B52B29DA107D00FFD65B /* PBXTargetDependency */ = {
			isa = PBXTargetDependency;
			target = 9520B51229DA107900FFD65B /* VaultPass */;
			targetProxy = 9520B52A29DA107D00FFD65B /* PBXContainerItemProxy */;
		};
		9520B53529DA107D00FFD65B /* PBXTargetDependency */ = {
			isa = PBXTargetDependency;
			target = 9520B51229DA107900FFD65B /* VaultPass */;
			targetProxy = 9520B53429DA107D00FFD65B /* PBXContainerItemProxy */;
		};
/* End PBXTargetDependency section */

/* Begin PBXVariantGroup section */
		839C8E4E2A48C3AA00EE1A94 /* MainInterface.storyboard */ = {
			isa = PBXVariantGroup;
			children = (
				839C8E4F2A48C3AA00EE1A94 /* Base */,
			);
			name = MainInterface.storyboard;
			sourceTree = "<group>";
		};
		9520B51C29DA107900FFD65B /* Main.storyboard */ = {
			isa = PBXVariantGroup;
			children = (
				9520B51D29DA107900FFD65B /* Base */,
			);
			name = Main.storyboard;
			sourceTree = "<group>";
		};
		9520B52129DA107D00FFD65B /* LaunchScreen.storyboard */ = {
			isa = PBXVariantGroup;
			children = (
				9520B52229DA107D00FFD65B /* Base */,
			);
			name = LaunchScreen.storyboard;
			sourceTree = "<group>";
		};
/* End PBXVariantGroup section */

/* Begin XCBuildConfiguration section */
		839C8E572A48C3AA00EE1A94 /* Debug */ = {
			isa = XCBuildConfiguration;
			buildSettings = {
				CLANG_CXX_LANGUAGE_STANDARD = "gnu++20";
				CODE_SIGN_ENTITLEMENTS = AutofillCredentialProvider/AutofillCredentialProvider.entitlements;
				CODE_SIGN_STYLE = Automatic;
				CURRENT_PROJECT_VERSION = 1;
				DEVELOPMENT_TEAM = BW3C2GGWGE;
				GENERATE_INFOPLIST_FILE = YES;
				INFOPLIST_FILE = AutofillCredentialProvider/Info.plist;
				INFOPLIST_KEY_CFBundleDisplayName = AutofillCredentialProvider;
				INFOPLIST_KEY_LSApplicationCategoryType = "public.app-category.productivity";
				INFOPLIST_KEY_NSHumanReadableCopyright = "";
				IPHONEOS_DEPLOYMENT_TARGET = 16.4;
				LD_RUNPATH_SEARCH_PATHS = (
					"$(inherited)",
					"@executable_path/Frameworks",
					"@executable_path/../../Frameworks",
				);
				MARKETING_VERSION = 1.8.2;
				PRODUCT_BUNDLE_IDENTIFIER = "com.IronHacker.VaultPass---Password-Manager.AutofillCredentialProvider";
				PRODUCT_NAME = "$(TARGET_NAME)";
				SKIP_INSTALL = YES;
				SUPPORTED_PLATFORMS = "iphoneos iphonesimulator";
				SUPPORTS_MACCATALYST = YES;
				SUPPORTS_MAC_DESIGNED_FOR_IPHONE_IPAD = NO;
				SWIFT_EMIT_LOC_STRINGS = YES;
				SWIFT_VERSION = 5.0;
				TARGETED_DEVICE_FAMILY = "1,2";
			};
			name = Debug;
		};
		839C8E582A48C3AA00EE1A94 /* Release */ = {
			isa = XCBuildConfiguration;
			buildSettings = {
				CLANG_CXX_LANGUAGE_STANDARD = "gnu++20";
				CODE_SIGN_ENTITLEMENTS = AutofillCredentialProvider/AutofillCredentialProvider.entitlements;
				CODE_SIGN_STYLE = Automatic;
				CURRENT_PROJECT_VERSION = 1;
				DEVELOPMENT_TEAM = BW3C2GGWGE;
				GENERATE_INFOPLIST_FILE = YES;
				INFOPLIST_FILE = AutofillCredentialProvider/Info.plist;
				INFOPLIST_KEY_CFBundleDisplayName = AutofillCredentialProvider;
				INFOPLIST_KEY_LSApplicationCategoryType = "public.app-category.productivity";
				INFOPLIST_KEY_NSHumanReadableCopyright = "";
				IPHONEOS_DEPLOYMENT_TARGET = 16.4;
				LD_RUNPATH_SEARCH_PATHS = (
					"$(inherited)",
					"@executable_path/Frameworks",
					"@executable_path/../../Frameworks",
				);
				MARKETING_VERSION = 1.8.2;
				PRODUCT_BUNDLE_IDENTIFIER = "com.IronHacker.VaultPass---Password-Manager.AutofillCredentialProvider";
				PRODUCT_NAME = "$(TARGET_NAME)";
				SKIP_INSTALL = YES;
				SUPPORTED_PLATFORMS = "iphoneos iphonesimulator";
				SUPPORTS_MACCATALYST = YES;
				SUPPORTS_MAC_DESIGNED_FOR_IPHONE_IPAD = NO;
				SWIFT_EMIT_LOC_STRINGS = YES;
				SWIFT_VERSION = 5.0;
				TARGETED_DEVICE_FAMILY = "1,2";
			};
			name = Release;
		};
		9520B53B29DA107D00FFD65B /* Debug */ = {
			isa = XCBuildConfiguration;
			buildSettings = {
				ALWAYS_SEARCH_USER_PATHS = NO;
				CLANG_ANALYZER_NONNULL = YES;
				CLANG_ANALYZER_NUMBER_OBJECT_CONVERSION = YES_AGGRESSIVE;
				CLANG_CXX_LANGUAGE_STANDARD = "gnu++17";
				CLANG_CXX_LIBRARY = "libc++";
				CLANG_ENABLE_MODULES = YES;
				CLANG_ENABLE_OBJC_ARC = YES;
				CLANG_ENABLE_OBJC_WEAK = YES;
				CLANG_WARN_BLOCK_CAPTURE_AUTORELEASING = YES;
				CLANG_WARN_BOOL_CONVERSION = YES;
				CLANG_WARN_COMMA = YES;
				CLANG_WARN_CONSTANT_CONVERSION = YES;
				CLANG_WARN_DEPRECATED_OBJC_IMPLEMENTATIONS = YES;
				CLANG_WARN_DIRECT_OBJC_ISA_USAGE = YES_ERROR;
				CLANG_WARN_DOCUMENTATION_COMMENTS = YES;
				CLANG_WARN_EMPTY_BODY = YES;
				CLANG_WARN_ENUM_CONVERSION = YES;
				CLANG_WARN_INFINITE_RECURSION = YES;
				CLANG_WARN_INT_CONVERSION = YES;
				CLANG_WARN_NON_LITERAL_NULL_CONVERSION = YES;
				CLANG_WARN_OBJC_IMPLICIT_RETAIN_SELF = YES;
				CLANG_WARN_OBJC_LITERAL_CONVERSION = YES;
				CLANG_WARN_OBJC_ROOT_CLASS = YES_ERROR;
				CLANG_WARN_QUOTED_INCLUDE_IN_FRAMEWORK_HEADER = YES;
				CLANG_WARN_RANGE_LOOP_ANALYSIS = YES;
				CLANG_WARN_STRICT_PROTOTYPES = YES;
				CLANG_WARN_SUSPICIOUS_MOVE = YES;
				CLANG_WARN_UNGUARDED_AVAILABILITY = YES_AGGRESSIVE;
				CLANG_WARN_UNREACHABLE_CODE = YES;
				CLANG_WARN__DUPLICATE_METHOD_MATCH = YES;
				COPY_PHASE_STRIP = NO;
				DEBUG_INFORMATION_FORMAT = dwarf;
				ENABLE_STRICT_OBJC_MSGSEND = YES;
				ENABLE_TESTABILITY = YES;
				GCC_C_LANGUAGE_STANDARD = gnu11;
				GCC_DYNAMIC_NO_PIC = NO;
				GCC_NO_COMMON_BLOCKS = YES;
				GCC_OPTIMIZATION_LEVEL = 0;
				GCC_PREPROCESSOR_DEFINITIONS = (
					"DEBUG=1",
					"$(inherited)",
				);
				GCC_WARN_64_TO_32_BIT_CONVERSION = YES;
				GCC_WARN_ABOUT_RETURN_TYPE = YES_ERROR;
				GCC_WARN_UNDECLARED_SELECTOR = YES;
				GCC_WARN_UNINITIALIZED_AUTOS = YES_AGGRESSIVE;
				GCC_WARN_UNUSED_FUNCTION = YES;
				GCC_WARN_UNUSED_VARIABLE = YES;
				IPHONEOS_DEPLOYMENT_TARGET = 15.2;
				MTL_ENABLE_DEBUG_INFO = INCLUDE_SOURCE;
				MTL_FAST_MATH = YES;
				ONLY_ACTIVE_ARCH = YES;
				SDKROOT = iphoneos;
				SWIFT_ACTIVE_COMPILATION_CONDITIONS = DEBUG;
				SWIFT_OPTIMIZATION_LEVEL = "-Onone";
			};
			name = Debug;
		};
		9520B53C29DA107D00FFD65B /* Release */ = {
			isa = XCBuildConfiguration;
			buildSettings = {
				ALWAYS_SEARCH_USER_PATHS = NO;
				CLANG_ANALYZER_NONNULL = YES;
				CLANG_ANALYZER_NUMBER_OBJECT_CONVERSION = YES_AGGRESSIVE;
				CLANG_CXX_LANGUAGE_STANDARD = "gnu++17";
				CLANG_CXX_LIBRARY = "libc++";
				CLANG_ENABLE_MODULES = YES;
				CLANG_ENABLE_OBJC_ARC = YES;
				CLANG_ENABLE_OBJC_WEAK = YES;
				CLANG_WARN_BLOCK_CAPTURE_AUTORELEASING = YES;
				CLANG_WARN_BOOL_CONVERSION = YES;
				CLANG_WARN_COMMA = YES;
				CLANG_WARN_CONSTANT_CONVERSION = YES;
				CLANG_WARN_DEPRECATED_OBJC_IMPLEMENTATIONS = YES;
				CLANG_WARN_DIRECT_OBJC_ISA_USAGE = YES_ERROR;
				CLANG_WARN_DOCUMENTATION_COMMENTS = YES;
				CLANG_WARN_EMPTY_BODY = YES;
				CLANG_WARN_ENUM_CONVERSION = YES;
				CLANG_WARN_INFINITE_RECURSION = YES;
				CLANG_WARN_INT_CONVERSION = YES;
				CLANG_WARN_NON_LITERAL_NULL_CONVERSION = YES;
				CLANG_WARN_OBJC_IMPLICIT_RETAIN_SELF = YES;
				CLANG_WARN_OBJC_LITERAL_CONVERSION = YES;
				CLANG_WARN_OBJC_ROOT_CLASS = YES_ERROR;
				CLANG_WARN_QUOTED_INCLUDE_IN_FRAMEWORK_HEADER = YES;
				CLANG_WARN_RANGE_LOOP_ANALYSIS = YES;
				CLANG_WARN_STRICT_PROTOTYPES = YES;
				CLANG_WARN_SUSPICIOUS_MOVE = YES;
				CLANG_WARN_UNGUARDED_AVAILABILITY = YES_AGGRESSIVE;
				CLANG_WARN_UNREACHABLE_CODE = YES;
				CLANG_WARN__DUPLICATE_METHOD_MATCH = YES;
				COPY_PHASE_STRIP = NO;
				DEBUG_INFORMATION_FORMAT = "dwarf-with-dsym";
				ENABLE_NS_ASSERTIONS = NO;
				ENABLE_STRICT_OBJC_MSGSEND = YES;
				GCC_C_LANGUAGE_STANDARD = gnu11;
				GCC_NO_COMMON_BLOCKS = YES;
				GCC_WARN_64_TO_32_BIT_CONVERSION = YES;
				GCC_WARN_ABOUT_RETURN_TYPE = YES_ERROR;
				GCC_WARN_UNDECLARED_SELECTOR = YES;
				GCC_WARN_UNINITIALIZED_AUTOS = YES_AGGRESSIVE;
				GCC_WARN_UNUSED_FUNCTION = YES;
				GCC_WARN_UNUSED_VARIABLE = YES;
				IPHONEOS_DEPLOYMENT_TARGET = 15.2;
				MTL_ENABLE_DEBUG_INFO = NO;
				MTL_FAST_MATH = YES;
				SDKROOT = iphoneos;
				SWIFT_COMPILATION_MODE = wholemodule;
				SWIFT_OPTIMIZATION_LEVEL = "-O";
				VALIDATE_PRODUCT = YES;
			};
			name = Release;
		};
		9520B53E29DA107D00FFD65B /* Debug */ = {
			isa = XCBuildConfiguration;
			buildSettings = {
				ALWAYS_EMBED_SWIFT_STANDARD_LIBRARIES = YES;
				ASSETCATALOG_COMPILER_APPICON_NAME = AppIcon;
				ASSETCATALOG_COMPILER_GLOBAL_ACCENT_COLOR_NAME = AccentColor;
				CODE_SIGN_ENTITLEMENTS = "VaultPass - Password Manager/VaultPass - Password Manager.entitlements";
				CODE_SIGN_STYLE = Automatic;
				CURRENT_PROJECT_VERSION = 1;
				DEVELOPMENT_TEAM = BW3C2GGWGE;
				GENERATE_INFOPLIST_FILE = YES;
				INFOPLIST_FILE = "VaultPass - Password Manager/Info.plist";
				INFOPLIST_KEY_CFBundleDisplayName = iKeys;
				INFOPLIST_KEY_LSApplicationCategoryType = "public.app-category.productivity";
				INFOPLIST_KEY_NSFaceIDUsageDescription = "Use Face ID to easily manager your passwords";
				INFOPLIST_KEY_UIApplicationSupportsIndirectInputEvents = YES;
				INFOPLIST_KEY_UILaunchStoryboardName = LaunchScreen;
				INFOPLIST_KEY_UIMainStoryboardFile = Main;
				INFOPLIST_KEY_UIStatusBarStyle = "";
				INFOPLIST_KEY_UISupportedInterfaceOrientations = UIInterfaceOrientationPortrait;
				INFOPLIST_KEY_UISupportedInterfaceOrientations_iPad = "UIInterfaceOrientationLandscapeLeft UIInterfaceOrientationLandscapeRight UIInterfaceOrientationPortrait UIInterfaceOrientationPortraitUpsideDown";
				LD_RUNPATH_SEARCH_PATHS = (
					"$(inherited)",
					"@executable_path/Frameworks",
				);
				MARKETING_VERSION = 1.8.2;
				PRODUCT_BUNDLE_IDENTIFIER = "com.IronHacker.VaultPass---Password-Manager";
				PRODUCT_NAME = "$(TARGET_NAME)";
				SUPPORTED_PLATFORMS = "iphoneos iphonesimulator";
				SUPPORTS_MACCATALYST = YES;
				SUPPORTS_MAC_DESIGNED_FOR_IPHONE_IPAD = NO;
				SWIFT_EMIT_LOC_STRINGS = YES;
				SWIFT_VERSION = 5.0;
				TARGETED_DEVICE_FAMILY = "1,2";
			};
			name = Debug;
		};
		9520B53F29DA107D00FFD65B /* Release */ = {
			isa = XCBuildConfiguration;
			buildSettings = {
				ALWAYS_EMBED_SWIFT_STANDARD_LIBRARIES = YES;
				ASSETCATALOG_COMPILER_APPICON_NAME = AppIcon;
				ASSETCATALOG_COMPILER_GLOBAL_ACCENT_COLOR_NAME = AccentColor;
				CODE_SIGN_ENTITLEMENTS = "VaultPass - Password Manager/VaultPass - Password Manager.entitlements";
				CODE_SIGN_STYLE = Automatic;
				CURRENT_PROJECT_VERSION = 1;
				DEVELOPMENT_TEAM = BW3C2GGWGE;
				GENERATE_INFOPLIST_FILE = YES;
				INFOPLIST_FILE = "VaultPass - Password Manager/Info.plist";
				INFOPLIST_KEY_CFBundleDisplayName = iKeys;
				INFOPLIST_KEY_LSApplicationCategoryType = "public.app-category.productivity";
				INFOPLIST_KEY_NSFaceIDUsageDescription = "Use Face ID to easily manager your passwords";
				INFOPLIST_KEY_UIApplicationSupportsIndirectInputEvents = YES;
				INFOPLIST_KEY_UILaunchStoryboardName = LaunchScreen;
				INFOPLIST_KEY_UIMainStoryboardFile = Main;
				INFOPLIST_KEY_UIStatusBarStyle = "";
				INFOPLIST_KEY_UISupportedInterfaceOrientations = UIInterfaceOrientationPortrait;
				INFOPLIST_KEY_UISupportedInterfaceOrientations_iPad = "UIInterfaceOrientationLandscapeLeft UIInterfaceOrientationLandscapeRight UIInterfaceOrientationPortrait UIInterfaceOrientationPortraitUpsideDown";
				LD_RUNPATH_SEARCH_PATHS = (
					"$(inherited)",
					"@executable_path/Frameworks",
				);
				MARKETING_VERSION = 1.8.2;
				PRODUCT_BUNDLE_IDENTIFIER = "com.IronHacker.VaultPass---Password-Manager";
				PRODUCT_NAME = "$(TARGET_NAME)";
				SUPPORTED_PLATFORMS = "iphoneos iphonesimulator";
				SUPPORTS_MACCATALYST = YES;
				SUPPORTS_MAC_DESIGNED_FOR_IPHONE_IPAD = NO;
				SWIFT_EMIT_LOC_STRINGS = YES;
				SWIFT_VERSION = 5.0;
				TARGETED_DEVICE_FAMILY = "1,2";
			};
			name = Release;
		};
		9520B54129DA107D00FFD65B /* Debug */ = {
			isa = XCBuildConfiguration;
			buildSettings = {
				ALWAYS_EMBED_SWIFT_STANDARD_LIBRARIES = YES;
				BUNDLE_LOADER = "$(TEST_HOST)";
				CODE_SIGN_STYLE = Automatic;
				CURRENT_PROJECT_VERSION = 1;
				DEVELOPMENT_TEAM = BW3C2GGWGE;
				GENERATE_INFOPLIST_FILE = YES;
				IPHONEOS_DEPLOYMENT_TARGET = 15.2;
				MARKETING_VERSION = 1.0;
				PRODUCT_BUNDLE_IDENTIFIER = "com.IronHacker.VaultPass---Password-ManagerTests";
				PRODUCT_NAME = "$(TARGET_NAME)";
				SUPPORTED_PLATFORMS = "iphoneos iphonesimulator";
				SUPPORTS_MACCATALYST = YES;
				SUPPORTS_MAC_DESIGNED_FOR_IPHONE_IPAD = NO;
				SWIFT_EMIT_LOC_STRINGS = NO;
				SWIFT_VERSION = 5.0;
				TARGETED_DEVICE_FAMILY = "1,2";
				TEST_HOST = "$(BUILT_PRODUCTS_DIR)/VaultPass.app/$(BUNDLE_EXECUTABLE_FOLDER_PATH)/VaultPass";
			};
			name = Debug;
		};
		9520B54229DA107D00FFD65B /* Release */ = {
			isa = XCBuildConfiguration;
			buildSettings = {
				ALWAYS_EMBED_SWIFT_STANDARD_LIBRARIES = YES;
				BUNDLE_LOADER = "$(TEST_HOST)";
				CODE_SIGN_STYLE = Automatic;
				CURRENT_PROJECT_VERSION = 1;
				DEVELOPMENT_TEAM = BW3C2GGWGE;
				GENERATE_INFOPLIST_FILE = YES;
				IPHONEOS_DEPLOYMENT_TARGET = 15.2;
				MARKETING_VERSION = 1.0;
				PRODUCT_BUNDLE_IDENTIFIER = "com.IronHacker.VaultPass---Password-ManagerTests";
				PRODUCT_NAME = "$(TARGET_NAME)";
				SUPPORTED_PLATFORMS = "iphoneos iphonesimulator";
				SUPPORTS_MACCATALYST = YES;
				SUPPORTS_MAC_DESIGNED_FOR_IPHONE_IPAD = NO;
				SWIFT_EMIT_LOC_STRINGS = NO;
				SWIFT_VERSION = 5.0;
				TARGETED_DEVICE_FAMILY = "1,2";
				TEST_HOST = "$(BUILT_PRODUCTS_DIR)/VaultPass.app/$(BUNDLE_EXECUTABLE_FOLDER_PATH)/VaultPass";
			};
			name = Release;
		};
		9520B54429DA107D00FFD65B /* Debug */ = {
			isa = XCBuildConfiguration;
			buildSettings = {
				ALWAYS_EMBED_SWIFT_STANDARD_LIBRARIES = YES;
				CODE_SIGN_STYLE = Automatic;
				CURRENT_PROJECT_VERSION = 1;
				DEVELOPMENT_TEAM = BW3C2GGWGE;
				GENERATE_INFOPLIST_FILE = YES;
				MARKETING_VERSION = 1.0;
				PRODUCT_BUNDLE_IDENTIFIER = "com.IronHacker.VaultPass---Password-ManagerUITests";
				PRODUCT_NAME = "$(TARGET_NAME)";
				SUPPORTED_PLATFORMS = "iphoneos iphonesimulator";
				SUPPORTS_MACCATALYST = YES;
				SUPPORTS_MAC_DESIGNED_FOR_IPHONE_IPAD = NO;
				SWIFT_EMIT_LOC_STRINGS = NO;
				SWIFT_VERSION = 5.0;
				TARGETED_DEVICE_FAMILY = "1,2";
				TEST_TARGET_NAME = "VaultPass - Password Manager";
			};
			name = Debug;
		};
		9520B54529DA107D00FFD65B /* Release */ = {
			isa = XCBuildConfiguration;
			buildSettings = {
				ALWAYS_EMBED_SWIFT_STANDARD_LIBRARIES = YES;
				CODE_SIGN_STYLE = Automatic;
				CURRENT_PROJECT_VERSION = 1;
				DEVELOPMENT_TEAM = BW3C2GGWGE;
				GENERATE_INFOPLIST_FILE = YES;
				MARKETING_VERSION = 1.0;
				PRODUCT_BUNDLE_IDENTIFIER = "com.IronHacker.VaultPass---Password-ManagerUITests";
				PRODUCT_NAME = "$(TARGET_NAME)";
				SUPPORTED_PLATFORMS = "iphoneos iphonesimulator";
				SUPPORTS_MACCATALYST = YES;
				SUPPORTS_MAC_DESIGNED_FOR_IPHONE_IPAD = NO;
				SWIFT_EMIT_LOC_STRINGS = NO;
				SWIFT_VERSION = 5.0;
				TARGETED_DEVICE_FAMILY = "1,2";
				TEST_TARGET_NAME = "VaultPass - Password Manager";
			};
			name = Release;
		};
/* End XCBuildConfiguration section */

/* Begin XCConfigurationList section */
		839C8E562A48C3AA00EE1A94 /* Build configuration list for PBXNativeTarget "AutofillCredentialProvider" */ = {
			isa = XCConfigurationList;
			buildConfigurations = (
				839C8E572A48C3AA00EE1A94 /* Debug */,
				839C8E582A48C3AA00EE1A94 /* Release */,
			);
			defaultConfigurationIsVisible = 0;
			defaultConfigurationName = Release;
		};
		9520B50E29DA107900FFD65B /* Build configuration list for PBXProject "VaultPass - Password Manager" */ = {
			isa = XCConfigurationList;
			buildConfigurations = (
				9520B53B29DA107D00FFD65B /* Debug */,
				9520B53C29DA107D00FFD65B /* Release */,
			);
			defaultConfigurationIsVisible = 0;
			defaultConfigurationName = Release;
		};
		9520B53D29DA107D00FFD65B /* Build configuration list for PBXNativeTarget "VaultPass" */ = {
			isa = XCConfigurationList;
			buildConfigurations = (
				9520B53E29DA107D00FFD65B /* Debug */,
				9520B53F29DA107D00FFD65B /* Release */,
			);
			defaultConfigurationIsVisible = 0;
			defaultConfigurationName = Release;
		};
		9520B54029DA107D00FFD65B /* Build configuration list for PBXNativeTarget "VaultPass - Password ManagerTests" */ = {
			isa = XCConfigurationList;
			buildConfigurations = (
				9520B54129DA107D00FFD65B /* Debug */,
				9520B54229DA107D00FFD65B /* Release */,
			);
			defaultConfigurationIsVisible = 0;
			defaultConfigurationName = Release;
		};
		9520B54329DA107D00FFD65B /* Build configuration list for PBXNativeTarget "VaultPass - Password ManagerUITests" */ = {
			isa = XCConfigurationList;
			buildConfigurations = (
				9520B54429DA107D00FFD65B /* Debug */,
				9520B54529DA107D00FFD65B /* Release */,
			);
			defaultConfigurationIsVisible = 0;
			defaultConfigurationName = Release;
		};
/* End XCConfigurationList section */

/* Begin XCVersionGroup section */
		9520B54629DA3A2300FFD65B /* Model.xcdatamodeld */ = {
			isa = XCVersionGroup;
			children = (
				9520B54729DA3A2300FFD65B /* Model.xcdatamodel */,
			);
			currentVersion = 9520B54729DA3A2300FFD65B /* Model.xcdatamodel */;
			path = Model.xcdatamodeld;
			sourceTree = "<group>";
			versionGroupType = wrapper.xcdatamodel;
		};
/* End XCVersionGroup section */
	};
	rootObject = 9520B50B29DA107900FFD65B /* Project object */;
}
